
Microsoft Visual Studio Solution File, Format Version 12.00
# Visual Studio 15
VisualStudioVersion = 15.0.28010.0
MinimumVisualStudioVersion = 10.0.40219.1
Project("{888888A0-9F3D-457C-B088-3A5042F75D52}") = "TargetBuddy", "TargetBuddy\TargetBuddy.pyproj", "{4ED7B865-453E-48E7-8AA9-55050D46C151}"
EndProject
Global
	GlobalSection(SolutionConfigurationPlatforms) = preSolution
		Debug|Any CPU = Debug|Any CPU
		Release|Any CPU = Release|Any CPU
	EndGlobalSection
	GlobalSection(ProjectConfigurationPlatforms) = postSolution
		{4ED7B865-453E-48E7-8AA9-55050D46C151}.Debug|Any CPU.ActiveCfg = Debug|Any CPU
		{4ED7B865-453E-48E7-8AA9-55050D46C151}.Release|Any CPU.ActiveCfg = Release|Any CPU
	EndGlobalSection
	GlobalSection(SolutionProperties) = preSolution
		HideSolutionNode = FALSE
	EndGlobalSection
	GlobalSection(ExtensibilityGlobals) = postSolution
		SolutionGuid = {75D184C2-A587-469B-9C99-5E76A96F5DAA}
	EndGlobalSection
EndGlobal
